// !$*UTF8*$!
{
	archiveVersion = 1;
	classes = {
	};
	objectVersion = 56;
	objects = {

/* Begin PBXBuildFile section */
		05138C1A0810209223845A60 /* Pods_Pokebase.framework in Frameworks */ = {isa = PBXBuildFile; fileRef = 10024FDFA83FAE51D483C803 /* Pods_Pokebase.framework */; };
		5D9ACDE41F9EB5F9E4C888BC /* Pods_PokebaseTests.framework in Frameworks */ = {isa = PBXBuildFile; fileRef = F8DE1B6DBB8AB40CA953DE23 /* Pods_PokebaseTests.framework */; };
		6710E18C2AE8262600EBA560 /* PokemonViewModel.swift in Sources */ = {isa = PBXBuildFile; fileRef = 6710E18B2AE8262600EBA560 /* PokemonViewModel.swift */; };
		6711FE402AD074B5007870D8 /* TitleView.swift in Sources */ = {isa = PBXBuildFile; fileRef = 6711FE3F2AD074B5007870D8 /* TitleView.swift */; };
		6712CC492AE70FA2003982B7 /* DexViewManager.swift in Sources */ = {isa = PBXBuildFile; fileRef = 6712CC482AE70FA2003982B7 /* DexViewManager.swift */; };
		6712CC4B2AE7161D003982B7 /* PokedexViewModel.swift in Sources */ = {isa = PBXBuildFile; fileRef = 6712CC4A2AE7161D003982B7 /* PokedexViewModel.swift */; };
		6745F88E2AC3F6CF008A223B /* ErrorWrapping.swift in Sources */ = {isa = PBXBuildFile; fileRef = 6745F88D2AC3F6CF008A223B /* ErrorWrapping.swift */; };
		6745F8902AC3F792008A223B /* ErrorView.swift in Sources */ = {isa = PBXBuildFile; fileRef = 6745F88F2AC3F792008A223B /* ErrorView.swift */; };
		674615012AAE753100DA19B5 /* Assets.xcassets in Resources */ = {isa = PBXBuildFile; fileRef = 674615002AAE753100DA19B5 /* Assets.xcassets */; };
		674615042AAE753100DA19B5 /* Preview Assets.xcassets in Resources */ = {isa = PBXBuildFile; fileRef = 674615032AAE753100DA19B5 /* Preview Assets.xcassets */; };
		6746150E2AAE753100DA19B5 /* PokebaseTests.swift in Sources */ = {isa = PBXBuildFile; fileRef = 6746150D2AAE753100DA19B5 /* PokebaseTests.swift */; };
		674615182AAE753100DA19B5 /* PokebaseUITests.swift in Sources */ = {isa = PBXBuildFile; fileRef = 674615172AAE753100DA19B5 /* PokebaseUITests.swift */; };
		6746151A2AAE753100DA19B5 /* PokebaseUITestsLaunchTests.swift in Sources */ = {isa = PBXBuildFile; fileRef = 674615192AAE753100DA19B5 /* PokebaseUITestsLaunchTests.swift */; };
		674726062AD637C50081BCB2 /* PopupView.swift in Sources */ = {isa = PBXBuildFile; fileRef = 674726052AD637C50081BCB2 /* PopupView.swift */; };
		675AC1312AEF33AC00A970AF /* Readme.md in Resources */ = {isa = PBXBuildFile; fileRef = 675AC1302AEF33AC00A970AF /* Readme.md */; };
		676540B62ABBE2E300F06FF8 /* PokebaseApp.swift in Sources */ = {isa = PBXBuildFile; fileRef = 676540B52ABBE2E300F06FF8 /* PokebaseApp.swift */; };
		676540B72ABBE2FD00F06FF8 /* ContentView.swift in Sources */ = {isa = PBXBuildFile; fileRef = 676540A42ABBDE2100F06FF8 /* ContentView.swift */; };
		676540B82ABBE67C00F06FF8 /* SidebarView.swift in Sources */ = {isa = PBXBuildFile; fileRef = 676540A22ABBDE2100F06FF8 /* SidebarView.swift */; };
		676540B92ABBE67C00F06FF8 /* PokemonView.swift in Sources */ = {isa = PBXBuildFile; fileRef = 676540A62ABBDE2100F06FF8 /* PokemonView.swift */; };
		676540BA2ABBE67C00F06FF8 /* PokedexView.swift in Sources */ = {isa = PBXBuildFile; fileRef = 676540A52ABBDE2100F06FF8 /* PokedexView.swift */; };
		676540BB2ABBE67C00F06FF8 /* Pokemon.swift in Sources */ = {isa = PBXBuildFile; fileRef = 676540A32ABBDE2100F06FF8 /* Pokemon.swift */; };
		676540BD2ABBF19C00F06FF8 /* UserModel.swift in Sources */ = {isa = PBXBuildFile; fileRef = 676540BC2ABBF19C00F06FF8 /* UserModel.swift */; };
		676540BF2ABBF7E000F06FF8 /* StatSpread.swift in Sources */ = {isa = PBXBuildFile; fileRef = 676540BE2ABBF7E000F06FF8 /* StatSpread.swift */; };
		6766B3F52AC241370077A050 /* Updated_pokemon.tsv in Resources */ = {isa = PBXBuildFile; fileRef = 6766B3F42AC241370077A050 /* Updated_pokemon.tsv */; };
		6766B3F72AC2AF4F0077A050 /* ColorModel.swift in Sources */ = {isa = PBXBuildFile; fileRef = 6766B3F62AC2AF4F0077A050 /* ColorModel.swift */; };
		67743E132AE20B3E00BC34B7 /* IphoneView.swift in Sources */ = {isa = PBXBuildFile; fileRef = 67743E122AE20B3E00BC34B7 /* IphoneView.swift */; };
		67743E152AE20B4B00BC34B7 /* IpadView.swift in Sources */ = {isa = PBXBuildFile; fileRef = 67743E142AE20B4B00BC34B7 /* IpadView.swift */; };
		67838A9B2B11AF1400AFA679 /* Pokemon_Home in Resources */ = {isa = PBXBuildFile; fileRef = 67838A9A2B11AF1400AFA679 /* Pokemon_Home */; };
		67A4E0FF2B096648004BBF1C /* MethodView.swift in Sources */ = {isa = PBXBuildFile; fileRef = 67A4E0FE2B096648004BBF1C /* MethodView.swift */; };
		67A4E1012B0986D7004BBF1C /* MethodViewModel.swift in Sources */ = {isa = PBXBuildFile; fileRef = 67A4E1002B0986D7004BBF1C /* MethodViewModel.swift */; };
		67C36C5F2AECE1F10080F04D /* UserView.swift in Sources */ = {isa = PBXBuildFile; fileRef = 67C36C5E2AECE1F10080F04D /* UserView.swift */; };
		67C7CCA72AC9EA8500725761 /* ExtensionFile.swift in Sources */ = {isa = PBXBuildFile; fileRef = 67C7CCA62AC9EA8500725761 /* ExtensionFile.swift */; };
		67E50A632AE5B3C5007083E0 /* PokedexInfo.swift in Sources */ = {isa = PBXBuildFile; fileRef = 67E50A622AE5B3C5007083E0 /* PokedexInfo.swift */; };
		67E50A652AE5BF1A007083E0 /* RegionalDex.json in Resources */ = {isa = PBXBuildFile; fileRef = 67E50A642AE5BF1A007083E0 /* RegionalDex.json */; };
		938883463D8D4E57E497095B /* Pods_Pokebase_PokebaseUITests.framework in Frameworks */ = {isa = PBXBuildFile; fileRef = 3ACEDA56DB9701DDE5842694 /* Pods_Pokebase_PokebaseUITests.framework */; };
/* End PBXBuildFile section */

/* Begin PBXContainerItemProxy section */
		6746150A2AAE753100DA19B5 /* PBXContainerItemProxy */ = {
			isa = PBXContainerItemProxy;
			containerPortal = 674614F12AAE753000DA19B5 /* Project object */;
			proxyType = 1;
			remoteGlobalIDString = 674614F82AAE753000DA19B5;
			remoteInfo = Pokebase;
		};
		674615142AAE753100DA19B5 /* PBXContainerItemProxy */ = {
			isa = PBXContainerItemProxy;
			containerPortal = 674614F12AAE753000DA19B5 /* Project object */;
			proxyType = 1;
			remoteGlobalIDString = 674614F82AAE753000DA19B5;
			remoteInfo = Pokebase;
		};
/* End PBXContainerItemProxy section */

/* Begin PBXFileReference section */
		10024FDFA83FAE51D483C803 /* Pods_Pokebase.framework */ = {isa = PBXFileReference; explicitFileType = wrapper.framework; includeInIndex = 0; path = Pods_Pokebase.framework; sourceTree = BUILT_PRODUCTS_DIR; };
		3ACEDA56DB9701DDE5842694 /* Pods_Pokebase_PokebaseUITests.framework */ = {isa = PBXFileReference; explicitFileType = wrapper.framework; includeInIndex = 0; path = Pods_Pokebase_PokebaseUITests.framework; sourceTree = BUILT_PRODUCTS_DIR; };
		6710E18B2AE8262600EBA560 /* PokemonViewModel.swift */ = {isa = PBXFileReference; lastKnownFileType = sourcecode.swift; path = PokemonViewModel.swift; sourceTree = "<group>"; };
		6711FE3F2AD074B5007870D8 /* TitleView.swift */ = {isa = PBXFileReference; lastKnownFileType = sourcecode.swift; path = TitleView.swift; sourceTree = "<group>"; };
		6712CC482AE70FA2003982B7 /* DexViewManager.swift */ = {isa = PBXFileReference; lastKnownFileType = sourcecode.swift; path = DexViewManager.swift; sourceTree = "<group>"; };
		6712CC4A2AE7161D003982B7 /* PokedexViewModel.swift */ = {isa = PBXFileReference; lastKnownFileType = sourcecode.swift; path = PokedexViewModel.swift; sourceTree = "<group>"; };
		6745F88D2AC3F6CF008A223B /* ErrorWrapping.swift */ = {isa = PBXFileReference; lastKnownFileType = sourcecode.swift; path = ErrorWrapping.swift; sourceTree = "<group>"; };
		6745F88F2AC3F792008A223B /* ErrorView.swift */ = {isa = PBXFileReference; lastKnownFileType = sourcecode.swift; path = ErrorView.swift; sourceTree = "<group>"; };
		674614F92AAE753000DA19B5 /* Pokebase.app */ = {isa = PBXFileReference; explicitFileType = wrapper.application; includeInIndex = 0; path = Pokebase.app; sourceTree = BUILT_PRODUCTS_DIR; };
		674615002AAE753100DA19B5 /* Assets.xcassets */ = {isa = PBXFileReference; lastKnownFileType = folder.assetcatalog; name = Assets.xcassets; path = Pokebase/Assets.xcassets; sourceTree = SOURCE_ROOT; };
		674615032AAE753100DA19B5 /* Preview Assets.xcassets */ = {isa = PBXFileReference; lastKnownFileType = folder.assetcatalog; path = "Preview Assets.xcassets"; sourceTree = "<group>"; };
		674615092AAE753100DA19B5 /* PokebaseTests.xctest */ = {isa = PBXFileReference; explicitFileType = wrapper.cfbundle; includeInIndex = 0; path = PokebaseTests.xctest; sourceTree = BUILT_PRODUCTS_DIR; };
		6746150D2AAE753100DA19B5 /* PokebaseTests.swift */ = {isa = PBXFileReference; lastKnownFileType = sourcecode.swift; path = PokebaseTests.swift; sourceTree = "<group>"; };
		674615132AAE753100DA19B5 /* PokebaseUITests.xctest */ = {isa = PBXFileReference; explicitFileType = wrapper.cfbundle; includeInIndex = 0; path = PokebaseUITests.xctest; sourceTree = BUILT_PRODUCTS_DIR; };
		674615172AAE753100DA19B5 /* PokebaseUITests.swift */ = {isa = PBXFileReference; lastKnownFileType = sourcecode.swift; path = PokebaseUITests.swift; sourceTree = "<group>"; };
		674615192AAE753100DA19B5 /* PokebaseUITestsLaunchTests.swift */ = {isa = PBXFileReference; lastKnownFileType = sourcecode.swift; path = PokebaseUITestsLaunchTests.swift; sourceTree = "<group>"; };
		674726052AD637C50081BCB2 /* PopupView.swift */ = {isa = PBXFileReference; lastKnownFileType = sourcecode.swift; path = PopupView.swift; sourceTree = "<group>"; };
		675AC1302AEF33AC00A970AF /* Readme.md */ = {isa = PBXFileReference; fileEncoding = 4; lastKnownFileType = net.daringfireball.markdown; path = Readme.md; sourceTree = "<group>"; };
		676540A22ABBDE2100F06FF8 /* SidebarView.swift */ = {isa = PBXFileReference; fileEncoding = 4; lastKnownFileType = sourcecode.swift; path = SidebarView.swift; sourceTree = "<group>"; };
		676540A32ABBDE2100F06FF8 /* Pokemon.swift */ = {isa = PBXFileReference; fileEncoding = 4; lastKnownFileType = sourcecode.swift; path = Pokemon.swift; sourceTree = "<group>"; };
		676540A42ABBDE2100F06FF8 /* ContentView.swift */ = {isa = PBXFileReference; fileEncoding = 4; lastKnownFileType = sourcecode.swift; path = ContentView.swift; sourceTree = "<group>"; };
		676540A52ABBDE2100F06FF8 /* PokedexView.swift */ = {isa = PBXFileReference; fileEncoding = 4; lastKnownFileType = sourcecode.swift; path = PokedexView.swift; sourceTree = "<group>"; };
		676540A62ABBDE2100F06FF8 /* PokemonView.swift */ = {isa = PBXFileReference; fileEncoding = 4; lastKnownFileType = sourcecode.swift; path = PokemonView.swift; sourceTree = "<group>"; };
		676540B52ABBE2E300F06FF8 /* PokebaseApp.swift */ = {isa = PBXFileReference; fileEncoding = 4; lastKnownFileType = sourcecode.swift; path = PokebaseApp.swift; sourceTree = "<group>"; };
		676540BC2ABBF19C00F06FF8 /* UserModel.swift */ = {isa = PBXFileReference; lastKnownFileType = sourcecode.swift; path = UserModel.swift; sourceTree = "<group>"; };
		676540BE2ABBF7E000F06FF8 /* StatSpread.swift */ = {isa = PBXFileReference; lastKnownFileType = sourcecode.swift; path = StatSpread.swift; sourceTree = "<group>"; };
		6766B3F42AC241370077A050 /* Updated_pokemon.tsv */ = {isa = PBXFileReference; fileEncoding = 4; lastKnownFileType = text; name = Updated_pokemon.tsv; path = Pokebase/Assets.xcassets/Data.dataset/Updated_pokemon.tsv; sourceTree = "<group>"; };
		6766B3F62AC2AF4F0077A050 /* ColorModel.swift */ = {isa = PBXFileReference; lastKnownFileType = sourcecode.swift; path = ColorModel.swift; sourceTree = "<group>"; };
		67743E122AE20B3E00BC34B7 /* IphoneView.swift */ = {isa = PBXFileReference; lastKnownFileType = sourcecode.swift; path = IphoneView.swift; sourceTree = "<group>"; };
		67743E142AE20B4B00BC34B7 /* IpadView.swift */ = {isa = PBXFileReference; lastKnownFileType = sourcecode.swift; path = IpadView.swift; sourceTree = "<group>"; };
		67838A9A2B11AF1400AFA679 /* Pokemon_Home */ = {isa = PBXFileReference; lastKnownFileType = folder; name = Pokemon_Home; path = ../../../../../../../../../Users/hitesh/Documents/Coding/Pokebase/Pokemon_Home; sourceTree = SDKROOT; };
		67A4E0FE2B096648004BBF1C /* MethodView.swift */ = {isa = PBXFileReference; lastKnownFileType = sourcecode.swift; path = MethodView.swift; sourceTree = "<group>"; tabWidth = 3; };
		67A4E1002B0986D7004BBF1C /* MethodViewModel.swift */ = {isa = PBXFileReference; lastKnownFileType = sourcecode.swift; path = MethodViewModel.swift; sourceTree = "<group>"; };
		67C36C5E2AECE1F10080F04D /* UserView.swift */ = {isa = PBXFileReference; lastKnownFileType = sourcecode.swift; path = UserView.swift; sourceTree = "<group>"; };
		67C7CCA62AC9EA8500725761 /* ExtensionFile.swift */ = {isa = PBXFileReference; lastKnownFileType = sourcecode.swift; path = ExtensionFile.swift; sourceTree = "<group>"; };
		67E50A622AE5B3C5007083E0 /* PokedexInfo.swift */ = {isa = PBXFileReference; lastKnownFileType = sourcecode.swift; path = PokedexInfo.swift; sourceTree = "<group>"; };
		67E50A642AE5BF1A007083E0 /* RegionalDex.json */ = {isa = PBXFileReference; fileEncoding = 4; lastKnownFileType = text.json; path = RegionalDex.json; sourceTree = "<group>"; };
		944DF49931B8520535E12CE0 /* Pods-Pokebase.debug.xcconfig */ = {isa = PBXFileReference; includeInIndex = 1; lastKnownFileType = text.xcconfig; name = "Pods-Pokebase.debug.xcconfig"; path = "Target Support Files/Pods-Pokebase/Pods-Pokebase.debug.xcconfig"; sourceTree = "<group>"; };
		94615E4F5DA05114FA8C4949 /* Pods-PokebaseTests.release.xcconfig */ = {isa = PBXFileReference; includeInIndex = 1; lastKnownFileType = text.xcconfig; name = "Pods-PokebaseTests.release.xcconfig"; path = "Target Support Files/Pods-PokebaseTests/Pods-PokebaseTests.release.xcconfig"; sourceTree = "<group>"; };
		D0725BFD28EE21EFC52C3A2A /* Pods-PokebaseTests.debug.xcconfig */ = {isa = PBXFileReference; includeInIndex = 1; lastKnownFileType = text.xcconfig; name = "Pods-PokebaseTests.debug.xcconfig"; path = "Target Support Files/Pods-PokebaseTests/Pods-PokebaseTests.debug.xcconfig"; sourceTree = "<group>"; };
		DBDA8B914FA2A6113341B51C /* Pods-Pokebase-PokebaseUITests.debug.xcconfig */ = {isa = PBXFileReference; includeInIndex = 1; lastKnownFileType = text.xcconfig; name = "Pods-Pokebase-PokebaseUITests.debug.xcconfig"; path = "Target Support Files/Pods-Pokebase-PokebaseUITests/Pods-Pokebase-PokebaseUITests.debug.xcconfig"; sourceTree = "<group>"; };
		E8467FA068C814035390C37F /* Pods-Pokebase-PokebaseUITests.release.xcconfig */ = {isa = PBXFileReference; includeInIndex = 1; lastKnownFileType = text.xcconfig; name = "Pods-Pokebase-PokebaseUITests.release.xcconfig"; path = "Target Support Files/Pods-Pokebase-PokebaseUITests/Pods-Pokebase-PokebaseUITests.release.xcconfig"; sourceTree = "<group>"; };
		EB4D81119363EBBBE48B6EE4 /* Pods-Pokebase.release.xcconfig */ = {isa = PBXFileReference; includeInIndex = 1; lastKnownFileType = text.xcconfig; name = "Pods-Pokebase.release.xcconfig"; path = "Target Support Files/Pods-Pokebase/Pods-Pokebase.release.xcconfig"; sourceTree = "<group>"; };
		F8DE1B6DBB8AB40CA953DE23 /* Pods_PokebaseTests.framework */ = {isa = PBXFileReference; explicitFileType = wrapper.framework; includeInIndex = 0; path = Pods_PokebaseTests.framework; sourceTree = BUILT_PRODUCTS_DIR; };
/* End PBXFileReference section */

/* Begin PBXFrameworksBuildPhase section */
		674614F62AAE753000DA19B5 /* Frameworks */ = {
			isa = PBXFrameworksBuildPhase;
			buildActionMask = 2147483647;
			files = (
				05138C1A0810209223845A60 /* Pods_Pokebase.framework in Frameworks */,
			);
			runOnlyForDeploymentPostprocessing = 0;
		};
		674615062AAE753100DA19B5 /* Frameworks */ = {
			isa = PBXFrameworksBuildPhase;
			buildActionMask = 2147483647;
			files = (
				5D9ACDE41F9EB5F9E4C888BC /* Pods_PokebaseTests.framework in Frameworks */,
			);
			runOnlyForDeploymentPostprocessing = 0;
		};
		674615102AAE753100DA19B5 /* Frameworks */ = {
			isa = PBXFrameworksBuildPhase;
			buildActionMask = 2147483647;
			files = (
				938883463D8D4E57E497095B /* Pods_Pokebase_PokebaseUITests.framework in Frameworks */,
			);
			runOnlyForDeploymentPostprocessing = 0;
		};
/* End PBXFrameworksBuildPhase section */

/* Begin PBXGroup section */
		53B23EA0910848CA5C125861 /* Pods */ = {
			isa = PBXGroup;
			children = (
				944DF49931B8520535E12CE0 /* Pods-Pokebase.debug.xcconfig */,
				EB4D81119363EBBBE48B6EE4 /* Pods-Pokebase.release.xcconfig */,
				DBDA8B914FA2A6113341B51C /* Pods-Pokebase-PokebaseUITests.debug.xcconfig */,
				E8467FA068C814035390C37F /* Pods-Pokebase-PokebaseUITests.release.xcconfig */,
				D0725BFD28EE21EFC52C3A2A /* Pods-PokebaseTests.debug.xcconfig */,
				94615E4F5DA05114FA8C4949 /* Pods-PokebaseTests.release.xcconfig */,
			);
			path = Pods;
			sourceTree = "<group>";
		};
		6712CC472AE70F81003982B7 /* ViewModel */ = {
			isa = PBXGroup;
			children = (
				6712CC482AE70FA2003982B7 /* DexViewManager.swift */,
				6712CC4A2AE7161D003982B7 /* PokedexViewModel.swift */,
				6710E18B2AE8262600EBA560 /* PokemonViewModel.swift */,
				67A4E1002B0986D7004BBF1C /* MethodViewModel.swift */,
			);
			path = ViewModel;
			sourceTree = "<group>";
		};
		674614F02AAE753000DA19B5 = {
			isa = PBXGroup;
			children = (
				67838A9A2B11AF1400AFA679 /* Pokemon_Home */,
				675AC1302AEF33AC00A970AF /* Readme.md */,
				FAAA701D264BF1242E702A87 /* Frameworks */,
				53B23EA0910848CA5C125861 /* Pods */,
				674614FB2AAE753000DA19B5 /* Pokebase */,
				6746150C2AAE753100DA19B5 /* PokebaseTests */,
				674615162AAE753100DA19B5 /* PokebaseUITests */,
				674614FA2AAE753000DA19B5 /* Products */,
				67E50A642AE5BF1A007083E0 /* RegionalDex.json */,
				6766B3F42AC241370077A050 /* Updated_pokemon.tsv */,
			);
			sourceTree = "<group>";
		};
		674614FA2AAE753000DA19B5 /* Products */ = {
			isa = PBXGroup;
			children = (
				674614F92AAE753000DA19B5 /* Pokebase.app */,
				674615092AAE753100DA19B5 /* PokebaseTests.xctest */,
				674615132AAE753100DA19B5 /* PokebaseUITests.xctest */,
			);
			name = Products;
			sourceTree = "<group>";
		};
		674614FB2AAE753000DA19B5 /* Pokebase */ = {
			isa = PBXGroup;
			children = (
				674615002AAE753100DA19B5 /* Assets.xcassets */,
				676540AC2ABBDE2900F06FF8 /* Model */,
				676540B52ABBE2E300F06FF8 /* PokebaseApp.swift */,
				674615022AAE753100DA19B5 /* Preview Content */,
				676540AF2ABBDEEC00F06FF8 /* View */,
				6712CC472AE70F81003982B7 /* ViewModel */,
			);
			path = Pokebase;
			sourceTree = "<group>";
		};
		674615022AAE753100DA19B5 /* Preview Content */ = {
			isa = PBXGroup;
			children = (
				674615032AAE753100DA19B5 /* Preview Assets.xcassets */,
			);
			path = "Preview Content";
			sourceTree = "<group>";
		};
		6746150C2AAE753100DA19B5 /* PokebaseTests */ = {
			isa = PBXGroup;
			children = (
				6746150D2AAE753100DA19B5 /* PokebaseTests.swift */,
			);
			path = PokebaseTests;
			sourceTree = "<group>";
		};
		674615162AAE753100DA19B5 /* PokebaseUITests */ = {
			isa = PBXGroup;
			children = (
				674615172AAE753100DA19B5 /* PokebaseUITests.swift */,
				674615192AAE753100DA19B5 /* PokebaseUITestsLaunchTests.swift */,
			);
			path = PokebaseUITests;
			sourceTree = "<group>";
		};
		676540AC2ABBDE2900F06FF8 /* Model */ = {
			isa = PBXGroup;
			children = (
				676540A32ABBDE2100F06FF8 /* Pokemon.swift */,
				67E50A622AE5B3C5007083E0 /* PokedexInfo.swift */,
				676540BC2ABBF19C00F06FF8 /* UserModel.swift */,
				676540BE2ABBF7E000F06FF8 /* StatSpread.swift */,
				6766B3F62AC2AF4F0077A050 /* ColorModel.swift */,
				6745F88D2AC3F6CF008A223B /* ErrorWrapping.swift */,
				67C7CCA62AC9EA8500725761 /* ExtensionFile.swift */,
			);
			path = Model;
			sourceTree = "<group>";
		};
		676540AF2ABBDEEC00F06FF8 /* View */ = {
			isa = PBXGroup;
			children = (
				676540A22ABBDE2100F06FF8 /* SidebarView.swift */,
				6745F88F2AC3F792008A223B /* ErrorView.swift */,
				676540A62ABBDE2100F06FF8 /* PokemonView.swift */,
				67743E142AE20B4B00BC34B7 /* IpadView.swift */,
				67743E122AE20B3E00BC34B7 /* IphoneView.swift */,
				6711FE3F2AD074B5007870D8 /* TitleView.swift */,
				676540A52ABBDE2100F06FF8 /* PokedexView.swift */,
				676540A42ABBDE2100F06FF8 /* ContentView.swift */,
				674726052AD637C50081BCB2 /* PopupView.swift */,
				67C36C5E2AECE1F10080F04D /* UserView.swift */,
				67A4E0FE2B096648004BBF1C /* MethodView.swift */,
			);
			path = View;
			sourceTree = "<group>";
		};
		FAAA701D264BF1242E702A87 /* Frameworks */ = {
			isa = PBXGroup;
			children = (
				10024FDFA83FAE51D483C803 /* Pods_Pokebase.framework */,
				3ACEDA56DB9701DDE5842694 /* Pods_Pokebase_PokebaseUITests.framework */,
				F8DE1B6DBB8AB40CA953DE23 /* Pods_PokebaseTests.framework */,
			);
			name = Frameworks;
			sourceTree = "<group>";
		};
/* End PBXGroup section */

/* Begin PBXNativeTarget section */
		674614F82AAE753000DA19B5 /* Pokebase */ = {
			isa = PBXNativeTarget;
			buildConfigurationList = 6746151D2AAE753100DA19B5 /* Build configuration list for PBXNativeTarget "Pokebase" */;
			buildPhases = (
				93C912D10521F31CB1522F35 /* [CP] Check Pods Manifest.lock */,
				674614F52AAE753000DA19B5 /* Sources */,
				674614F62AAE753000DA19B5 /* Frameworks */,
				674614F72AAE753000DA19B5 /* Resources */,
				0BA0A5483FE70D6DF179C728 /* [CP] Embed Pods Frameworks */,
			);
			buildRules = (
			);
			dependencies = (
			);
			name = Pokebase;
			productName = Pokebase;
			productReference = 674614F92AAE753000DA19B5 /* Pokebase.app */;
			productType = "com.apple.product-type.application";
		};
		674615082AAE753100DA19B5 /* PokebaseTests */ = {
			isa = PBXNativeTarget;
			buildConfigurationList = 674615202AAE753100DA19B5 /* Build configuration list for PBXNativeTarget "PokebaseTests" */;
			buildPhases = (
				81100948187338BEEA3F6A11 /* [CP] Check Pods Manifest.lock */,
				674615052AAE753100DA19B5 /* Sources */,
				674615062AAE753100DA19B5 /* Frameworks */,
				674615072AAE753100DA19B5 /* Resources */,
			);
			buildRules = (
			);
			dependencies = (
				6746150B2AAE753100DA19B5 /* PBXTargetDependency */,
			);
			name = PokebaseTests;
			productName = PokebaseTests;
			productReference = 674615092AAE753100DA19B5 /* PokebaseTests.xctest */;
			productType = "com.apple.product-type.bundle.unit-test";
		};
		674615122AAE753100DA19B5 /* PokebaseUITests */ = {
			isa = PBXNativeTarget;
			buildConfigurationList = 674615232AAE753100DA19B5 /* Build configuration list for PBXNativeTarget "PokebaseUITests" */;
			buildPhases = (
				6E4539E40FCC751491AE04C7 /* [CP] Check Pods Manifest.lock */,
				6746150F2AAE753100DA19B5 /* Sources */,
				674615102AAE753100DA19B5 /* Frameworks */,
				674615112AAE753100DA19B5 /* Resources */,
				6732E269328ADE182C2F6F63 /* [CP] Embed Pods Frameworks */,
			);
			buildRules = (
			);
			dependencies = (
				674615152AAE753100DA19B5 /* PBXTargetDependency */,
			);
			name = PokebaseUITests;
			productName = PokebaseUITests;
			productReference = 674615132AAE753100DA19B5 /* PokebaseUITests.xctest */;
			productType = "com.apple.product-type.bundle.ui-testing";
		};
/* End PBXNativeTarget section */

/* Begin PBXProject section */
		674614F12AAE753000DA19B5 /* Project object */ = {
			isa = PBXProject;
			attributes = {
				BuildIndependentTargetsInParallel = 1;
				LastSwiftUpdateCheck = 1430;
				LastUpgradeCheck = 1500;
				TargetAttributes = {
					674614F82AAE753000DA19B5 = {
						CreatedOnToolsVersion = 14.3.1;
						LastSwiftMigration = 1430;
					};
					674615082AAE753100DA19B5 = {
						CreatedOnToolsVersion = 14.3.1;
						TestTargetID = 674614F82AAE753000DA19B5;
					};
					674615122AAE753100DA19B5 = {
						CreatedOnToolsVersion = 14.3.1;
						TestTargetID = 674614F82AAE753000DA19B5;
					};
				};
			};
			buildConfigurationList = 674614F42AAE753000DA19B5 /* Build configuration list for PBXProject "Pokebase" */;
			compatibilityVersion = "Xcode 14.0";
			developmentRegion = en;
			hasScannedForEncodings = 0;
			knownRegions = (
				en,
				Base,
			);
			mainGroup = 674614F02AAE753000DA19B5;
			productRefGroup = 674614FA2AAE753000DA19B5 /* Products */;
			projectDirPath = "";
			projectRoot = "";
			targets = (
				674614F82AAE753000DA19B5 /* Pokebase */,
				674615082AAE753100DA19B5 /* PokebaseTests */,
				674615122AAE753100DA19B5 /* PokebaseUITests */,
			);
		};
/* End PBXProject section */

/* Begin PBXResourcesBuildPhase section */
		674614F72AAE753000DA19B5 /* Resources */ = {
			isa = PBXResourcesBuildPhase;
			buildActionMask = 2147483647;
			files = (
				675AC1312AEF33AC00A970AF /* Readme.md in Resources */,
				67838A9B2B11AF1400AFA679 /* Pokemon_Home in Resources */,
				674615042AAE753100DA19B5 /* Preview Assets.xcassets in Resources */,
				674615012AAE753100DA19B5 /* Assets.xcassets in Resources */,
				67E50A652AE5BF1A007083E0 /* RegionalDex.json in Resources */,
				6766B3F52AC241370077A050 /* Updated_pokemon.tsv in Resources */,
			);
			runOnlyForDeploymentPostprocessing = 0;
		};
		674615072AAE753100DA19B5 /* Resources */ = {
			isa = PBXResourcesBuildPhase;
			buildActionMask = 2147483647;
			files = (
			);
			runOnlyForDeploymentPostprocessing = 0;
		};
		674615112AAE753100DA19B5 /* Resources */ = {
			isa = PBXResourcesBuildPhase;
			buildActionMask = 2147483647;
			files = (
			);
			runOnlyForDeploymentPostprocessing = 0;
		};
/* End PBXResourcesBuildPhase section */

/* Begin PBXShellScriptBuildPhase section */
		0BA0A5483FE70D6DF179C728 /* [CP] Embed Pods Frameworks */ = {
			isa = PBXShellScriptBuildPhase;
			buildActionMask = 2147483647;
			files = (
			);
			inputFileListPaths = (
				"${PODS_ROOT}/Target Support Files/Pods-Pokebase/Pods-Pokebase-frameworks-${CONFIGURATION}-input-files.xcfilelist",
			);
			name = "[CP] Embed Pods Frameworks";
			outputFileListPaths = (
				"${PODS_ROOT}/Target Support Files/Pods-Pokebase/Pods-Pokebase-frameworks-${CONFIGURATION}-output-files.xcfilelist",
			);
			runOnlyForDeploymentPostprocessing = 0;
			shellPath = /bin/sh;
			shellScript = "\"${PODS_ROOT}/Target Support Files/Pods-Pokebase/Pods-Pokebase-frameworks.sh\"\n";
			showEnvVarsInLog = 0;
		};
		6732E269328ADE182C2F6F63 /* [CP] Embed Pods Frameworks */ = {
			isa = PBXShellScriptBuildPhase;
			buildActionMask = 2147483647;
			files = (
			);
			inputFileListPaths = (
				"${PODS_ROOT}/Target Support Files/Pods-Pokebase-PokebaseUITests/Pods-Pokebase-PokebaseUITests-frameworks-${CONFIGURATION}-input-files.xcfilelist",
			);
			name = "[CP] Embed Pods Frameworks";
			outputFileListPaths = (
				"${PODS_ROOT}/Target Support Files/Pods-Pokebase-PokebaseUITests/Pods-Pokebase-PokebaseUITests-frameworks-${CONFIGURATION}-output-files.xcfilelist",
			);
			runOnlyForDeploymentPostprocessing = 0;
			shellPath = /bin/sh;
			shellScript = "\"${PODS_ROOT}/Target Support Files/Pods-Pokebase-PokebaseUITests/Pods-Pokebase-PokebaseUITests-frameworks.sh\"\n";
			showEnvVarsInLog = 0;
		};
		6E4539E40FCC751491AE04C7 /* [CP] Check Pods Manifest.lock */ = {
			isa = PBXShellScriptBuildPhase;
			buildActionMask = 2147483647;
			files = (
			);
			inputFileListPaths = (
			);
			inputPaths = (
				"${PODS_PODFILE_DIR_PATH}/Podfile.lock",
				"${PODS_ROOT}/Manifest.lock",
			);
			name = "[CP] Check Pods Manifest.lock";
			outputFileListPaths = (
			);
			outputPaths = (
				"$(DERIVED_FILE_DIR)/Pods-Pokebase-PokebaseUITests-checkManifestLockResult.txt",
			);
			runOnlyForDeploymentPostprocessing = 0;
			shellPath = /bin/sh;
			shellScript = "diff \"${PODS_PODFILE_DIR_PATH}/Podfile.lock\" \"${PODS_ROOT}/Manifest.lock\" > /dev/null\nif [ $? != 0 ] ; then\n    # print error to STDERR\n    echo \"error: The sandbox is not in sync with the Podfile.lock. Run 'pod install' or update your CocoaPods installation.\" >&2\n    exit 1\nfi\n# This output is used by Xcode 'outputs' to avoid re-running this script phase.\necho \"SUCCESS\" > \"${SCRIPT_OUTPUT_FILE_0}\"\n";
			showEnvVarsInLog = 0;
		};
		81100948187338BEEA3F6A11 /* [CP] Check Pods Manifest.lock */ = {
			isa = PBXShellScriptBuildPhase;
			buildActionMask = 2147483647;
			files = (
			);
			inputFileListPaths = (
			);
			inputPaths = (
				"${PODS_PODFILE_DIR_PATH}/Podfile.lock",
				"${PODS_ROOT}/Manifest.lock",
			);
			name = "[CP] Check Pods Manifest.lock";
			outputFileListPaths = (
			);
			outputPaths = (
				"$(DERIVED_FILE_DIR)/Pods-PokebaseTests-checkManifestLockResult.txt",
			);
			runOnlyForDeploymentPostprocessing = 0;
			shellPath = /bin/sh;
			shellScript = "diff \"${PODS_PODFILE_DIR_PATH}/Podfile.lock\" \"${PODS_ROOT}/Manifest.lock\" > /dev/null\nif [ $? != 0 ] ; then\n    # print error to STDERR\n    echo \"error: The sandbox is not in sync with the Podfile.lock. Run 'pod install' or update your CocoaPods installation.\" >&2\n    exit 1\nfi\n# This output is used by Xcode 'outputs' to avoid re-running this script phase.\necho \"SUCCESS\" > \"${SCRIPT_OUTPUT_FILE_0}\"\n";
			showEnvVarsInLog = 0;
		};
		93C912D10521F31CB1522F35 /* [CP] Check Pods Manifest.lock */ = {
			isa = PBXShellScriptBuildPhase;
			buildActionMask = 2147483647;
			files = (
			);
			inputFileListPaths = (
			);
			inputPaths = (
				"${PODS_PODFILE_DIR_PATH}/Podfile.lock",
				"${PODS_ROOT}/Manifest.lock",
			);
			name = "[CP] Check Pods Manifest.lock";
			outputFileListPaths = (
			);
			outputPaths = (
				"$(DERIVED_FILE_DIR)/Pods-Pokebase-checkManifestLockResult.txt",
			);
			runOnlyForDeploymentPostprocessing = 0;
			shellPath = /bin/sh;
			shellScript = "diff \"${PODS_PODFILE_DIR_PATH}/Podfile.lock\" \"${PODS_ROOT}/Manifest.lock\" > /dev/null\nif [ $? != 0 ] ; then\n    # print error to STDERR\n    echo \"error: The sandbox is not in sync with the Podfile.lock. Run 'pod install' or update your CocoaPods installation.\" >&2\n    exit 1\nfi\n# This output is used by Xcode 'outputs' to avoid re-running this script phase.\necho \"SUCCESS\" > \"${SCRIPT_OUTPUT_FILE_0}\"\n";
			showEnvVarsInLog = 0;
		};
/* End PBXShellScriptBuildPhase section */

/* Begin PBXSourcesBuildPhase section */
		674614F52AAE753000DA19B5 /* Sources */ = {
			isa = PBXSourcesBuildPhase;
			buildActionMask = 2147483647;
			files = (
				67A4E1012B0986D7004BBF1C /* MethodViewModel.swift in Sources */,
				67E50A632AE5B3C5007083E0 /* PokedexInfo.swift in Sources */,
				676540B82ABBE67C00F06FF8 /* SidebarView.swift in Sources */,
				676540BD2ABBF19C00F06FF8 /* UserModel.swift in Sources */,
				6745F88E2AC3F6CF008A223B /* ErrorWrapping.swift in Sources */,
				67C7CCA72AC9EA8500725761 /* ExtensionFile.swift in Sources */,
				6766B3F72AC2AF4F0077A050 /* ColorModel.swift in Sources */,
				6710E18C2AE8262600EBA560 /* PokemonViewModel.swift in Sources */,
				676540B92ABBE67C00F06FF8 /* PokemonView.swift in Sources */,
				676540BA2ABBE67C00F06FF8 /* PokedexView.swift in Sources */,
				676540BB2ABBE67C00F06FF8 /* Pokemon.swift in Sources */,
				674726062AD637C50081BCB2 /* PopupView.swift in Sources */,
				67743E132AE20B3E00BC34B7 /* IphoneView.swift in Sources */,
				676540B72ABBE2FD00F06FF8 /* ContentView.swift in Sources */,
				67C36C5F2AECE1F10080F04D /* UserView.swift in Sources */,
				6712CC492AE70FA2003982B7 /* DexViewManager.swift in Sources */,
				6712CC4B2AE7161D003982B7 /* PokedexViewModel.swift in Sources */,
				676540B62ABBE2E300F06FF8 /* PokebaseApp.swift in Sources */,
				676540BF2ABBF7E000F06FF8 /* StatSpread.swift in Sources */,
				67743E152AE20B4B00BC34B7 /* IpadView.swift in Sources */,
				67A4E0FF2B096648004BBF1C /* MethodView.swift in Sources */,
				6711FE402AD074B5007870D8 /* TitleView.swift in Sources */,
				6745F8902AC3F792008A223B /* ErrorView.swift in Sources */,
			);
			runOnlyForDeploymentPostprocessing = 0;
		};
		674615052AAE753100DA19B5 /* Sources */ = {
			isa = PBXSourcesBuildPhase;
			buildActionMask = 2147483647;
			files = (
				6746150E2AAE753100DA19B5 /* PokebaseTests.swift in Sources */,
			);
			runOnlyForDeploymentPostprocessing = 0;
		};
		6746150F2AAE753100DA19B5 /* Sources */ = {
			isa = PBXSourcesBuildPhase;
			buildActionMask = 2147483647;
			files = (
				6746151A2AAE753100DA19B5 /* PokebaseUITestsLaunchTests.swift in Sources */,
				674615182AAE753100DA19B5 /* PokebaseUITests.swift in Sources */,
			);
			runOnlyForDeploymentPostprocessing = 0;
		};
/* End PBXSourcesBuildPhase section */

/* Begin PBXTargetDependency section */
		6746150B2AAE753100DA19B5 /* PBXTargetDependency */ = {
			isa = PBXTargetDependency;
			target = 674614F82AAE753000DA19B5 /* Pokebase */;
			targetProxy = 6746150A2AAE753100DA19B5 /* PBXContainerItemProxy */;
		};
		674615152AAE753100DA19B5 /* PBXTargetDependency */ = {
			isa = PBXTargetDependency;
			target = 674614F82AAE753000DA19B5 /* Pokebase */;
			targetProxy = 674615142AAE753100DA19B5 /* PBXContainerItemProxy */;
		};
/* End PBXTargetDependency section */

/* Begin XCBuildConfiguration section */
		6746151B2AAE753100DA19B5 /* Debug */ = {
			isa = XCBuildConfiguration;
			buildSettings = {
				ALWAYS_SEARCH_USER_PATHS = NO;
				CLANG_ANALYZER_NONNULL = YES;
				CLANG_ANALYZER_NUMBER_OBJECT_CONVERSION = YES_AGGRESSIVE;
				CLANG_CXX_LANGUAGE_STANDARD = "gnu++20";
				CLANG_ENABLE_MODULES = YES;
				CLANG_ENABLE_OBJC_ARC = YES;
				CLANG_ENABLE_OBJC_WEAK = YES;
				CLANG_WARN_BLOCK_CAPTURE_AUTORELEASING = YES;
				CLANG_WARN_BOOL_CONVERSION = YES;
				CLANG_WARN_COMMA = YES;
				CLANG_WARN_CONSTANT_CONVERSION = YES;
				CLANG_WARN_DEPRECATED_OBJC_IMPLEMENTATIONS = YES;
				CLANG_WARN_DIRECT_OBJC_ISA_USAGE = YES_ERROR;
				CLANG_WARN_DOCUMENTATION_COMMENTS = YES;
				CLANG_WARN_EMPTY_BODY = YES;
				CLANG_WARN_ENUM_CONVERSION = YES;
				CLANG_WARN_INFINITE_RECURSION = YES;
				CLANG_WARN_INT_CONVERSION = YES;
				CLANG_WARN_NON_LITERAL_NULL_CONVERSION = YES;
				CLANG_WARN_OBJC_IMPLICIT_RETAIN_SELF = YES;
				CLANG_WARN_OBJC_LITERAL_CONVERSION = YES;
				CLANG_WARN_OBJC_ROOT_CLASS = YES_ERROR;
				CLANG_WARN_QUOTED_INCLUDE_IN_FRAMEWORK_HEADER = YES;
				CLANG_WARN_RANGE_LOOP_ANALYSIS = YES;
				CLANG_WARN_STRICT_PROTOTYPES = YES;
				CLANG_WARN_SUSPICIOUS_MOVE = YES;
				CLANG_WARN_UNGUARDED_AVAILABILITY = YES_AGGRESSIVE;
				CLANG_WARN_UNREACHABLE_CODE = YES;
				CLANG_WARN__DUPLICATE_METHOD_MATCH = YES;
				COPY_PHASE_STRIP = NO;
				DEBUG_INFORMATION_FORMAT = dwarf;
				ENABLE_STRICT_OBJC_MSGSEND = YES;
				ENABLE_TESTABILITY = YES;
				ENABLE_USER_SCRIPT_SANDBOXING = YES;
				GCC_C_LANGUAGE_STANDARD = gnu11;
				GCC_DYNAMIC_NO_PIC = NO;
				GCC_NO_COMMON_BLOCKS = YES;
				GCC_OPTIMIZATION_LEVEL = 0;
				GCC_PREPROCESSOR_DEFINITIONS = (
					"DEBUG=1",
					"$(inherited)",
				);
				GCC_WARN_64_TO_32_BIT_CONVERSION = YES;
				GCC_WARN_ABOUT_RETURN_TYPE = YES_ERROR;
				GCC_WARN_UNDECLARED_SELECTOR = YES;
				GCC_WARN_UNINITIALIZED_AUTOS = YES_AGGRESSIVE;
				GCC_WARN_UNUSED_FUNCTION = YES;
				GCC_WARN_UNUSED_VARIABLE = YES;
				IPHONEOS_DEPLOYMENT_TARGET = 16.4;
				MTL_ENABLE_DEBUG_INFO = INCLUDE_SOURCE;
				MTL_FAST_MATH = YES;
				ONLY_ACTIVE_ARCH = YES;
				SDKROOT = iphoneos;
				SWIFT_ACTIVE_COMPILATION_CONDITIONS = DEBUG;
				SWIFT_OPTIMIZATION_LEVEL = "-Onone";
			};
			name = Debug;
		};
		6746151C2AAE753100DA19B5 /* Release */ = {
			isa = XCBuildConfiguration;
			buildSettings = {
				ALWAYS_SEARCH_USER_PATHS = NO;
				CLANG_ANALYZER_NONNULL = YES;
				CLANG_ANALYZER_NUMBER_OBJECT_CONVERSION = YES_AGGRESSIVE;
				CLANG_CXX_LANGUAGE_STANDARD = "gnu++20";
				CLANG_ENABLE_MODULES = YES;
				CLANG_ENABLE_OBJC_ARC = YES;
				CLANG_ENABLE_OBJC_WEAK = YES;
				CLANG_WARN_BLOCK_CAPTURE_AUTORELEASING = YES;
				CLANG_WARN_BOOL_CONVERSION = YES;
				CLANG_WARN_COMMA = YES;
				CLANG_WARN_CONSTANT_CONVERSION = YES;
				CLANG_WARN_DEPRECATED_OBJC_IMPLEMENTATIONS = YES;
				CLANG_WARN_DIRECT_OBJC_ISA_USAGE = YES_ERROR;
				CLANG_WARN_DOCUMENTATION_COMMENTS = YES;
				CLANG_WARN_EMPTY_BODY = YES;
				CLANG_WARN_ENUM_CONVERSION = YES;
				CLANG_WARN_INFINITE_RECURSION = YES;
				CLANG_WARN_INT_CONVERSION = YES;
				CLANG_WARN_NON_LITERAL_NULL_CONVERSION = YES;
				CLANG_WARN_OBJC_IMPLICIT_RETAIN_SELF = YES;
				CLANG_WARN_OBJC_LITERAL_CONVERSION = YES;
				CLANG_WARN_OBJC_ROOT_CLASS = YES_ERROR;
				CLANG_WARN_QUOTED_INCLUDE_IN_FRAMEWORK_HEADER = YES;
				CLANG_WARN_RANGE_LOOP_ANALYSIS = YES;
				CLANG_WARN_STRICT_PROTOTYPES = YES;
				CLANG_WARN_SUSPICIOUS_MOVE = YES;
				CLANG_WARN_UNGUARDED_AVAILABILITY = YES_AGGRESSIVE;
				CLANG_WARN_UNREACHABLE_CODE = YES;
				CLANG_WARN__DUPLICATE_METHOD_MATCH = YES;
				COPY_PHASE_STRIP = NO;
				DEBUG_INFORMATION_FORMAT = "dwarf-with-dsym";
				ENABLE_NS_ASSERTIONS = NO;
				ENABLE_STRICT_OBJC_MSGSEND = YES;
				ENABLE_USER_SCRIPT_SANDBOXING = YES;
				GCC_C_LANGUAGE_STANDARD = gnu11;
				GCC_NO_COMMON_BLOCKS = YES;
				GCC_WARN_64_TO_32_BIT_CONVERSION = YES;
				GCC_WARN_ABOUT_RETURN_TYPE = YES_ERROR;
				GCC_WARN_UNDECLARED_SELECTOR = YES;
				GCC_WARN_UNINITIALIZED_AUTOS = YES_AGGRESSIVE;
				GCC_WARN_UNUSED_FUNCTION = YES;
				GCC_WARN_UNUSED_VARIABLE = YES;
				IPHONEOS_DEPLOYMENT_TARGET = 16.4;
				MTL_ENABLE_DEBUG_INFO = NO;
				MTL_FAST_MATH = YES;
				SDKROOT = iphoneos;
				SWIFT_COMPILATION_MODE = wholemodule;
				SWIFT_OPTIMIZATION_LEVEL = "-O";
				VALIDATE_PRODUCT = YES;
			};
			name = Release;
		};
		6746151E2AAE753100DA19B5 /* Debug */ = {
			isa = XCBuildConfiguration;
			baseConfigurationReference = 944DF49931B8520535E12CE0 /* Pods-Pokebase.debug.xcconfig */;
			buildSettings = {
				ASSETCATALOG_COMPILER_APPICON_NAME = AppIcon;
				ASSETCATALOG_COMPILER_GLOBAL_ACCENT_COLOR_NAME = AccentColor;
				CLANG_ENABLE_MODULES = YES;
				CODE_SIGN_STYLE = Automatic;
				CURRENT_PROJECT_VERSION = 1;
				DEVELOPMENT_ASSET_PATHS = "\"Pokebase/Preview Content\"";
				DEVELOPMENT_TEAM = 422542YV23;
				ENABLE_PREVIEWS = YES;
				ENABLE_USER_SCRIPT_SANDBOXING = NO;
				GENERATE_INFOPLIST_FILE = YES;
				INFOPLIST_KEY_UIApplicationSceneManifest_Generation = YES;
				INFOPLIST_KEY_UIApplicationSupportsIndirectInputEvents = YES;
				INFOPLIST_KEY_UILaunchScreen_Generation = YES;
				INFOPLIST_KEY_UISupportedInterfaceOrientations_iPad = "UIInterfaceOrientationPortrait UIInterfaceOrientationPortraitUpsideDown UIInterfaceOrientationLandscapeLeft UIInterfaceOrientationLandscapeRight";
				INFOPLIST_KEY_UISupportedInterfaceOrientations_iPhone = "UIInterfaceOrientationPortrait UIInterfaceOrientationLandscapeLeft UIInterfaceOrientationLandscapeRight";
				LD_RUNPATH_SEARCH_PATHS = (
					"$(inherited)",
					"@executable_path/Frameworks",
				);
				MARKETING_VERSION = 1.0;
				PRODUCT_BUNDLE_IDENTIFIER = Razora.Pokebase;
				PRODUCT_NAME = "$(TARGET_NAME)";
				SWIFT_EMIT_LOC_STRINGS = YES;
				SWIFT_OPTIMIZATION_LEVEL = "-Onone";
				SWIFT_VERSION = 5.0;
				TARGETED_DEVICE_FAMILY = "1,2";
			};
			name = Debug;
		};
		6746151F2AAE753100DA19B5 /* Release */ = {
			isa = XCBuildConfiguration;
			baseConfigurationReference = EB4D81119363EBBBE48B6EE4 /* Pods-Pokebase.release.xcconfig */;
			buildSettings = {
				ASSETCATALOG_COMPILER_APPICON_NAME = AppIcon;
				ASSETCATALOG_COMPILER_GLOBAL_ACCENT_COLOR_NAME = AccentColor;
				CLANG_ENABLE_MODULES = YES;
				CODE_SIGN_STYLE = Automatic;
				CURRENT_PROJECT_VERSION = 1;
				DEVELOPMENT_ASSET_PATHS = "\"Pokebase/Preview Content\"";
				DEVELOPMENT_TEAM = 422542YV23;
				ENABLE_PREVIEWS = YES;
				ENABLE_USER_SCRIPT_SANDBOXING = NO;
				GENERATE_INFOPLIST_FILE = YES;
				INFOPLIST_KEY_UIApplicationSceneManifest_Generation = YES;
				INFOPLIST_KEY_UIApplicationSupportsIndirectInputEvents = YES;
				INFOPLIST_KEY_UILaunchScreen_Generation = YES;
				INFOPLIST_KEY_UISupportedInterfaceOrientations_iPad = "UIInterfaceOrientationPortrait UIInterfaceOrientationPortraitUpsideDown UIInterfaceOrientationLandscapeLeft UIInterfaceOrientationLandscapeRight";
				INFOPLIST_KEY_UISupportedInterfaceOrientations_iPhone = "UIInterfaceOrientationPortrait UIInterfaceOrientationLandscapeLeft UIInterfaceOrientationLandscapeRight";
				LD_RUNPATH_SEARCH_PATHS = (
					"$(inherited)",
					"@executable_path/Frameworks",
				);
				MARKETING_VERSION = 1.0;
				PRODUCT_BUNDLE_IDENTIFIER = Razora.Pokebase;
				PRODUCT_NAME = "$(TARGET_NAME)";
				SWIFT_EMIT_LOC_STRINGS = YES;
				SWIFT_VERSION = 5.0;
				TARGETED_DEVICE_FAMILY = "1,2";
			};
			name = Release;
		};
		674615212AAE753100DA19B5 /* Debug */ = {
			isa = XCBuildConfiguration;
			baseConfigurationReference = D0725BFD28EE21EFC52C3A2A /* Pods-PokebaseTests.debug.xcconfig */;
			buildSettings = {
				ALWAYS_EMBED_SWIFT_STANDARD_LIBRARIES = YES;
				BUNDLE_LOADER = "$(TEST_HOST)";
				CODE_SIGN_STYLE = Automatic;
				CURRENT_PROJECT_VERSION = 1;
				GENERATE_INFOPLIST_FILE = YES;
				IPHONEOS_DEPLOYMENT_TARGET = 16.4;
				MARKETING_VERSION = 1.0;
				PRODUCT_BUNDLE_IDENTIFIER = Razora.PokebaseTests;
				PRODUCT_NAME = "$(TARGET_NAME)";
				SWIFT_EMIT_LOC_STRINGS = NO;
				SWIFT_VERSION = 5.0;
				TARGETED_DEVICE_FAMILY = "1,2";
				TEST_HOST = "$(BUILT_PRODUCTS_DIR)/Pokebase.app/$(BUNDLE_EXECUTABLE_FOLDER_PATH)/Pokebase";
			};
			name = Debug;
		};
		674615222AAE753100DA19B5 /* Release */ = {
			isa = XCBuildConfiguration;
			baseConfigurationReference = 94615E4F5DA05114FA8C4949 /* Pods-PokebaseTests.release.xcconfig */;
			buildSettings = {
				ALWAYS_EMBED_SWIFT_STANDARD_LIBRARIES = YES;
				BUNDLE_LOADER = "$(TEST_HOST)";
				CODE_SIGN_STYLE = Automatic;
				CURRENT_PROJECT_VERSION = 1;
				GENERATE_INFOPLIST_FILE = YES;
				IPHONEOS_DEPLOYMENT_TARGET = 16.4;
				MARKETING_VERSION = 1.0;
				PRODUCT_BUNDLE_IDENTIFIER = Razora.PokebaseTests;
				PRODUCT_NAME = "$(TARGET_NAME)";
				SWIFT_EMIT_LOC_STRINGS = NO;
				SWIFT_VERSION = 5.0;
				TARGETED_DEVICE_FAMILY = "1,2";
				TEST_HOST = "$(BUILT_PRODUCTS_DIR)/Pokebase.app/$(BUNDLE_EXECUTABLE_FOLDER_PATH)/Pokebase";
			};
			name = Release;
		};
		674615242AAE753100DA19B5 /* Debug */ = {
			isa = XCBuildConfiguration;
			baseConfigurationReference = DBDA8B914FA2A6113341B51C /* Pods-Pokebase-PokebaseUITests.debug.xcconfig */;
			buildSettings = {
				ALWAYS_EMBED_SWIFT_STANDARD_LIBRARIES = YES;
				CODE_SIGN_STYLE = Automatic;
				CURRENT_PROJECT_VERSION = 1;
				GENERATE_INFOPLIST_FILE = YES;
				MARKETING_VERSION = 1.0;
				PRODUCT_BUNDLE_IDENTIFIER = Razora.PokebaseUITests;
				PRODUCT_NAME = "$(TARGET_NAME)";
				SWIFT_EMIT_LOC_STRINGS = NO;
				SWIFT_VERSION = 5.0;
				TARGETED_DEVICE_FAMILY = "1,2";
				TEST_TARGET_NAME = Pokebase;
			};
			name = Debug;
		};
		674615252AAE753100DA19B5 /* Release */ = {
			isa = XCBuildConfiguration;
			baseConfigurationReference = E8467FA068C814035390C37F /* Pods-Pokebase-PokebaseUITests.release.xcconfig */;
			buildSettings = {
				ALWAYS_EMBED_SWIFT_STANDARD_LIBRARIES = YES;
				CODE_SIGN_STYLE = Automatic;
				CURRENT_PROJECT_VERSION = 1;
				GENERATE_INFOPLIST_FILE = YES;
				MARKETING_VERSION = 1.0;
				PRODUCT_BUNDLE_IDENTIFIER = Razora.PokebaseUITests;
				PRODUCT_NAME = "$(TARGET_NAME)";
				SWIFT_EMIT_LOC_STRINGS = NO;
				SWIFT_VERSION = 5.0;
				TARGETED_DEVICE_FAMILY = "1,2";
				TEST_TARGET_NAME = Pokebase;
			};
			name = Release;
		};
/* End XCBuildConfiguration section */

/* Begin XCConfigurationList section */
		674614F42AAE753000DA19B5 /* Build configuration list for PBXProject "Pokebase" */ = {
			isa = XCConfigurationList;
			buildConfigurations = (
				6746151B2AAE753100DA19B5 /* Debug */,
				6746151C2AAE753100DA19B5 /* Release */,
			);
			defaultConfigurationIsVisible = 0;
			defaultConfigurationName = Release;
		};
		6746151D2AAE753100DA19B5 /* Build configuration list for PBXNativeTarget "Pokebase" */ = {
			isa = XCConfigurationList;
			buildConfigurations = (
				6746151E2AAE753100DA19B5 /* Debug */,
				6746151F2AAE753100DA19B5 /* Release */,
			);
			defaultConfigurationIsVisible = 0;
			defaultConfigurationName = Release;
		};
		674615202AAE753100DA19B5 /* Build configuration list for PBXNativeTarget "PokebaseTests" */ = {
			isa = XCConfigurationList;
			buildConfigurations = (
				674615212AAE753100DA19B5 /* Debug */,
				674615222AAE753100DA19B5 /* Release */,
			);
			defaultConfigurationIsVisible = 0;
			defaultConfigurationName = Release;
		};
		674615232AAE753100DA19B5 /* Build configuration list for PBXNativeTarget "PokebaseUITests" */ = {
			isa = XCConfigurationList;
			buildConfigurations = (
				674615242AAE753100DA19B5 /* Debug */,
				674615252AAE753100DA19B5 /* Release */,
			);
			defaultConfigurationIsVisible = 0;
			defaultConfigurationName = Release;
		};
/* End XCConfigurationList section */
	};
	rootObject = 674614F12AAE753000DA19B5 /* Project object */;
}
